
Microsoft Visual Studio Solution File, Format Version 11.00
# Visual Studio 2010
Project("{FAE04EC0-301F-11D3-BF4B-00C04F79EFBC}") = "SteamVR", "SteamVR.csproj", "{5F6D186C-B275-C292-4BB2-7EAED8C17020}"
EndProject
Project("{FAE04EC0-301F-11D3-BF4B-00C04F79EFBC}") = "Assembly-CSharp", "Assembly-CSharp.csproj", "{31FB6A77-7838-A3A9-AF7B-9C7422C521E9}"
EndProject
Project("{FAE04EC0-301F-11D3-BF4B-00C04F79EFBC}") = "SteamVR_Actions", "SteamVR_Actions.csproj", "{F65539B0-A605-A428-3551-B3E0F83E81BB}"
EndProject
Project("{FAE04EC0-301F-11D3-BF4B-00C04F79EFBC}") = "SteamVR_Editor", "SteamVR_Editor.csproj", "{624CB067-9197-08CF-B9A3-52D3623E36B7}"
EndProject
Project("{FAE04EC0-301F-11D3-BF4B-00C04F79EFBC}") = "Assembly-CSharp-Editor", "Assembly-CSharp-Editor.csproj", "{3EAC8E40-77DD-E6F5-A8A1-B6CB455496D9}"
EndProject
Project("{FAE04EC0-301F-11D3-BF4B-00C04F79EFBC}") = "SteamVR_Input_Editor", "SteamVR_Input_Editor.csproj", "{3D1D60F4-F428-DE40-76DE-27133F434CD1}"
EndProject
Project("{FAE04EC0-301F-11D3-BF4B-00C04F79EFBC}") = "SteamVR_Windows_EditorHelper", "SteamVR_Windows_EditorHelper.csproj", "{695CC185-FE53-BC03-84BD-9871BC7E3886}"
EndProject
Global
	GlobalSection(SolutionConfigurationPlatforms) = preSolution
		Debug|Any CPU = Debug|Any CPU
		Release|Any CPU = Release|Any CPU
	EndGlobalSection
	GlobalSection(ProjectConfigurationPlatforms) = postSolution
		{5F6D186C-B275-C292-4BB2-7EAED8C17020}.Debug|Any CPU.ActiveCfg = Debug|Any CPU
		{5F6D186C-B275-C292-4BB2-7EAED8C17020}.Debug|Any CPU.Build.0 = Debug|Any CPU
		{5F6D186C-B275-C292-4BB2-7EAED8C17020}.Release|Any CPU.ActiveCfg = Release|Any CPU
		{5F6D186C-B275-C292-4BB2-7EAED8C17020}.Release|Any CPU.Build.0 = Release|Any CPU
		{31FB6A77-7838-A3A9-AF7B-9C7422C521E9}.Debug|Any CPU.ActiveCfg = Debug|Any CPU
		{31FB6A77-7838-A3A9-AF7B-9C7422C521E9}.Debug|Any CPU.Build.0 = Debug|Any CPU
		{31FB6A77-7838-A3A9-AF7B-9C7422C521E9}.Release|Any CPU.ActiveCfg = Release|Any CPU
		{31FB6A77-7838-A3A9-AF7B-9C7422C521E9}.Release|Any CPU.Build.0 = Release|Any CPU
		{F65539B0-A605-A428-3551-B3E0F83E81BB}.Debug|Any CPU.ActiveCfg = Debug|Any CPU
		{F65539B0-A605-A428-3551-B3E0F83E81BB}.Debug|Any CPU.Build.0 = Debug|Any CPU
		{F65539B0-A605-A428-3551-B3E0F83E81BB}.Release|Any CPU.ActiveCfg = Release|Any CPU
		{F65539B0-A605-A428-3551-B3E0F83E81BB}.Release|Any CPU.Build.0 = Release|Any CPU
		{624CB067-9197-08CF-B9A3-52D3623E36B7}.Debug|Any CPU.ActiveCfg = Debug|Any CPU
		{624CB067-9197-08CF-B9A3-52D3623E36B7}.Debug|Any CPU.Build.0 = Debug|Any CPU
		{624CB067-9197-08CF-B9A3-52D3623E36B7}.Release|Any CPU.ActiveCfg = Release|Any CPU
		{624CB067-9197-08CF-B9A3-52D3623E36B7}.Release|Any CPU.Build.0 = Release|Any CPU
		{3EAC8E40-77DD-E6F5-A8A1-B6CB455496D9}.Debug|Any CPU.ActiveCfg = Debug|Any CPU
		{3EAC8E40-77DD-E6F5-A8A1-B6CB455496D9}.Debug|Any CPU.Build.0 = Debug|Any CPU
		{3EAC8E40-77DD-E6F5-A8A1-B6CB455496D9}.Release|Any CPU.ActiveCfg = Release|Any CPU
		{3EAC8E40-77DD-E6F5-A8A1-B6CB455496D9}.Release|Any CPU.Build.0 = Release|Any CPU
		{3D1D60F4-F428-DE40-76DE-27133F434CD1}.Debug|Any CPU.ActiveCfg = Debug|Any CPU
		{3D1D60F4-F428-DE40-76DE-27133F434CD1}.Debug|Any CPU.Build.0 = Debug|Any CPU
		{3D1D60F4-F428-DE40-76DE-27133F434CD1}.Release|Any CPU.ActiveCfg = Release|Any CPU
		{3D1D60F4-F428-DE40-76DE-27133F434CD1}.Release|Any CPU.Build.0 = Release|Any CPU
		{695CC185-FE53-BC03-84BD-9871BC7E3886}.Debug|Any CPU.ActiveCfg = Debug|Any CPU
		{695CC185-FE53-BC03-84BD-9871BC7E3886}.Debug|Any CPU.Build.0 = Debug|Any CPU
		{695CC185-FE53-BC03-84BD-9871BC7E3886}.Release|Any CPU.ActiveCfg = Release|Any CPU
		{695CC185-FE53-BC03-84BD-9871BC7E3886}.Release|Any CPU.Build.0 = Release|Any CPU
	EndGlobalSection
	GlobalSection(SolutionProperties) = preSolution
		HideSolutionNode = FALSE
	EndGlobalSection
EndGlobal
